// !$*UTF8*$!
{
	archiveVersion = 1;
	classes = {
	};
	objectVersion = 46;
	objects = {

/* Begin PBXBuildFile section */
		EBD6F77019666DB40062E798 /* Foundation.framework in Frameworks */ = {isa = PBXBuildFile; fileRef = EBD6F76F19666DB40062E798 /* Foundation.framework */; };
		EBD6F77219666DB40062E798 /* CoreGraphics.framework in Frameworks */ = {isa = PBXBuildFile; fileRef = EBD6F77119666DB40062E798 /* CoreGraphics.framework */; };
		EBD6F77419666DB40062E798 /* UIKit.framework in Frameworks */ = {isa = PBXBuildFile; fileRef = EBD6F77319666DB40062E798 /* UIKit.framework */; };
		EBD6F77A19666DB40062E798 /* InfoPlist.strings in Resources */ = {isa = PBXBuildFile; fileRef = EBD6F77819666DB40062E798 /* InfoPlist.strings */; };
		EBD6F77C19666DB40062E798 /* main.m in Sources */ = {isa = PBXBuildFile; fileRef = EBD6F77B19666DB40062E798 /* main.m */; };
		EBD6F78019666DB40062E798 /* BSAppDelegate.m in Sources */ = {isa = PBXBuildFile; fileRef = EBD6F77F19666DB40062E798 /* BSAppDelegate.m */; };
		EBD6F78319666DB40062E798 /* Main.storyboard in Resources */ = {isa = PBXBuildFile; fileRef = EBD6F78119666DB40062E798 /* Main.storyboard */; };
		EBD6F78619666DB40062E798 /* BSViewController.m in Sources */ = {isa = PBXBuildFile; fileRef = EBD6F78519666DB40062E798 /* BSViewController.m */; };
		EBD6F78819666DB40062E798 /* Images.xcassets in Resources */ = {isa = PBXBuildFile; fileRef = EBD6F78719666DB40062E798 /* Images.xcassets */; };
		EBD6F78F19666DB40062E798 /* XCTest.framework in Frameworks */ = {isa = PBXBuildFile; fileRef = EBD6F78E19666DB40062E798 /* XCTest.framework */; };
		EBD6F79019666DB40062E798 /* Foundation.framework in Frameworks */ = {isa = PBXBuildFile; fileRef = EBD6F76F19666DB40062E798 /* Foundation.framework */; };
		EBD6F79119666DB40062E798 /* UIKit.framework in Frameworks */ = {isa = PBXBuildFile; fileRef = EBD6F77319666DB40062E798 /* UIKit.framework */; };
		EBD6F79919666DB40062E798 /* InfoPlist.strings in Resources */ = {isa = PBXBuildFile; fileRef = EBD6F79719666DB40062E798 /* InfoPlist.strings */; };
		EBD6F79B19666DB40062E798 /* myTableViewTests.m in Sources */ = {isa = PBXBuildFile; fileRef = EBD6F79A19666DB40062E798 /* myTableViewTests.m */; };
/* End PBXBuildFile section */

/* Begin PBXContainerItemProxy section */
		EBD6F79219666DB40062E798 /* PBXContainerItemProxy */ = {
			isa = PBXContainerItemProxy;
			containerPortal = EBD6F76419666DB40062E798 /* Project object */;
			proxyType = 1;
			remoteGlobalIDString = EBD6F76B19666DB40062E798;
			remoteInfo = myTableView;
		};
/* End PBXContainerItemProxy section */

/* Begin PBXFileReference section */
		EBD6F76C19666DB40062E798 /* myTableView.app */ = {isa = PBXFileReference; explicitFileType = wrapper.application; includeInIndex = 0; path = myTableView.app; sourceTree = BUILT_PRODUCTS_DIR; };
		EBD6F76F19666DB40062E798 /* Foundation.framework */ = {isa = PBXFileReference; lastKnownFileType = wrapper.framework; name = Foundation.framework; path = System/Library/Frameworks/Foundation.framework; sourceTree = SDKROOT; };
		EBD6F77119666DB40062E798 /* CoreGraphics.framework */ = {isa = PBXFileReference; lastKnownFileType = wrapper.framework; name = CoreGraphics.framework; path = System/Library/Frameworks/CoreGraphics.framework; sourceTree = SDKROOT; };
		EBD6F77319666DB40062E798 /* UIKit.framework */ = {isa = PBXFileReference; lastKnownFileType = wrapper.framework; name = UIKit.framework; path = System/Library/Frameworks/UIKit.framework; sourceTree = SDKROOT; };
		EBD6F77719666DB40062E798 /* myTableView-Info.plist */ = {isa = PBXFileReference; lastKnownFileType = text.plist.xml; path = "myTableView-Info.plist"; sourceTree = "<group>"; };
		EBD6F77919666DB40062E798 /* en */ = {isa = PBXFileReference; lastKnownFileType = text.plist.strings; name = en; path = en.lproj/InfoPlist.strings; sourceTree = "<group>"; };
		EBD6F77B19666DB40062E798 /* main.m */ = {isa = PBXFileReference; lastKnownFileType = sourcecode.c.objc; path = main.m; sourceTree = "<group>"; };
		EBD6F77D19666DB40062E798 /* myTableView-Prefix.pch */ = {isa = PBXFileReference; lastKnownFileType = sourcecode.c.h; path = "myTableView-Prefix.pch"; sourceTree = "<group>"; };
		EBD6F77E19666DB40062E798 /* BSAppDelegate.h */ = {isa = PBXFileReference; lastKnownFileType = sourcecode.c.h; path = BSAppDelegate.h; sourceTree = "<group>"; };
		EBD6F77F19666DB40062E798 /* BSAppDelegate.m */ = {isa = PBXFileReference; lastKnownFileType = sourcecode.c.objc; path = BSAppDelegate.m; sourceTree = "<group>"; };
		EBD6F78219666DB40062E798 /* Base */ = {isa = PBXFileReference; lastKnownFileType = file.storyboard; name = Base; path = Base.lproj/Main.storyboard; sourceTree = "<group>"; };
		EBD6F78419666DB40062E798 /* BSViewController.h */ = {isa = PBXFileReference; lastKnownFileType = sourcecode.c.h; path = BSViewController.h; sourceTree = "<group>"; };
		EBD6F78519666DB40062E798 /* BSViewController.m */ = {isa = PBXFileReference; lastKnownFileType = sourcecode.c.objc; path = BSViewController.m; sourceTree = "<group>"; };
		EBD6F78719666DB40062E798 /* Images.xcassets */ = {isa = PBXFileReference; lastKnownFileType = folder.assetcatalog; path = Images.xcassets; sourceTree = "<group>"; };
		EBD6F78D19666DB40062E798 /* myTableViewTests.xctest */ = {isa = PBXFileReference; explicitFileType = wrapper.cfbundle; includeInIndex = 0; path = myTableViewTests.xctest; sourceTree = BUILT_PRODUCTS_DIR; };
		EBD6F78E19666DB40062E798 /* XCTest.framework */ = {isa = PBXFileReference; lastKnownFileType = wrapper.framework; name = XCTest.framework; path = Library/Frameworks/XCTest.framework; sourceTree = DEVELOPER_DIR; };
		EBD6F79619666DB40062E798 /* myTableViewTests-Info.plist */ = {isa = PBXFileReference; lastKnownFileType = text.plist.xml; path = "myTableViewTests-Info.plist"; sourceTree = "<group>"; };
		EBD6F79819666DB40062E798 /* en */ = {isa = PBXFileReference; lastKnownFileType = text.plist.strings; name = en; path = en.lproj/InfoPlist.strings; sourceTree = "<group>"; };
		EBD6F79A19666DB40062E798 /* myTableViewTests.m */ = {isa = PBXFileReference; lastKnownFileType = sourcecode.c.objc; path = myTableViewTests.m; sourceTree = "<group>"; };
/* End PBXFileReference section */

/* Begin PBXFrameworksBuildPhase section */
		EBD6F76919666DB40062E798 /* Frameworks */ = {
			isa = PBXFrameworksBuildPhase;
			buildActionMask = 2147483647;
			files = (
				EBD6F77219666DB40062E798 /* CoreGraphics.framework in Frameworks */,
				EBD6F77419666DB40062E798 /* UIKit.framework in Frameworks */,
				EBD6F77019666DB40062E798 /* Foundation.framework in Frameworks */,
			);
			runOnlyForDeploymentPostprocessing = 0;
		};
		EBD6F78A19666DB40062E798 /* Frameworks */ = {
			isa = PBXFrameworksBuildPhase;
			buildActionMask = 2147483647;
			files = (
				EBD6F78F19666DB40062E798 /* XCTest.framework in Frameworks */,
				EBD6F79119666DB40062E798 /* UIKit.framework in Frameworks */,
				EBD6F79019666DB40062E798 /* Foundation.framework in Frameworks */,
			);
			runOnlyForDeploymentPostprocessing = 0;
		};
/* End PBXFrameworksBuildPhase section */

/* Begin PBXGroup section */
		EBD6F76319666DB40062E798 = {
			isa = PBXGroup;
			children = (
				EBD6F77519666DB40062E798 /* myTableView */,
				EBD6F79419666DB40062E798 /* myTableViewTests */,
				EBD6F76E19666DB40062E798 /* Frameworks */,
				EBD6F76D19666DB40062E798 /* Products */,
			);
			sourceTree = "<group>";
		};
		EBD6F76D19666DB40062E798 /* Products */ = {
			isa = PBXGroup;
			children = (
				EBD6F76C19666DB40062E798 /* myTableView.app */,
				EBD6F78D19666DB40062E798 /* myTableViewTests.xctest */,
			);
			name = Products;
			sourceTree = "<group>";
		};
		EBD6F76E19666DB40062E798 /* Frameworks */ = {
			isa = PBXGroup;
			children = (
				EBD6F76F19666DB40062E798 /* Foundation.framework */,
				EBD6F77119666DB40062E798 /* CoreGraphics.framework */,
				EBD6F77319666DB40062E798 /* UIKit.framework */,
				EBD6F78E19666DB40062E798 /* XCTest.framework */,
			);
			name = Frameworks;
			sourceTree = "<group>";
		};
		EBD6F77519666DB40062E798 /* myTableView */ = {
			isa = PBXGroup;
			children = (
				EBD6F77E19666DB40062E798 /* BSAppDelegate.h */,
				EBD6F77F19666DB40062E798 /* BSAppDelegate.m */,
				EBD6F78119666DB40062E798 /* Main.storyboard */,
				EBD6F78419666DB40062E798 /* BSViewController.h */,
				EBD6F78519666DB40062E798 /* BSViewController.m */,
				EBD6F78719666DB40062E798 /* Images.xcassets */,
				EBD6F77619666DB40062E798 /* Supporting Files */,
			);
			path = myTableView;
			sourceTree = "<group>";
		};
		EBD6F77619666DB40062E798 /* Supporting Files */ = {
			isa = PBXGroup;
			children = (
				EBD6F77719666DB40062E798 /* myTableView-Info.plist */,
				EBD6F77819666DB40062E798 /* InfoPlist.strings */,
				EBD6F77B19666DB40062E798 /* main.m */,
				EBD6F77D19666DB40062E798 /* myTableView-Prefix.pch */,
			);
			name = "Supporting Files";
			sourceTree = "<group>";
		};
		EBD6F79419666DB40062E798 /* myTableViewTests */ = {
			isa = PBXGroup;
			children = (
				EBD6F79A19666DB40062E798 /* myTableViewTests.m */,
				EBD6F79519666DB40062E798 /* Supporting Files */,
			);
			path = myTableViewTests;
			sourceTree = "<group>";
		};
		EBD6F79519666DB40062E798 /* Supporting Files */ = {
			isa = PBXGroup;
			children = (
				EBD6F79619666DB40062E798 /* myTableViewTests-Info.plist */,
				EBD6F79719666DB40062E798 /* InfoPlist.strings */,
			);
			name = "Supporting Files";
			sourceTree = "<group>";
		};
/* End PBXGroup section */

/* Begin PBXNativeTarget section */
		EBD6F76B19666DB40062E798 /* myTableView */ = {
			isa = PBXNativeTarget;
			buildConfigurationList = EBD6F79E19666DB40062E798 /* Build configuration list for PBXNativeTarget "myTableView" */;
			buildPhases = (
				EBD6F76819666DB40062E798 /* Sources */,
				EBD6F76919666DB40062E798 /* Frameworks */,
				EBD6F76A19666DB40062E798 /* Resources */,
			);
			buildRules = (
			);
			dependencies = (
			);
			name = myTableView;
			productName = myTableView;
			productReference = EBD6F76C19666DB40062E798 /* myTableView.app */;
			productType = "com.apple.product-type.application";
		};
		EBD6F78C19666DB40062E798 /* myTableViewTests */ = {
			isa = PBXNativeTarget;
			buildConfigurationList = EBD6F7A119666DB40062E798 /* Build configuration list for PBXNativeTarget "myTableViewTests" */;
			buildPhases = (
				EBD6F78919666DB40062E798 /* Sources */,
				EBD6F78A19666DB40062E798 /* Frameworks */,
				EBD6F78B19666DB40062E798 /* Resources */,
			);
			buildRules = (
			);
			dependencies = (
				EBD6F79319666DB40062E798 /* PBXTargetDependency */,
			);
			name = myTableViewTests;
			productName = myTableViewTests;
			productReference = EBD6F78D19666DB40062E798 /* myTableViewTests.xctest */;
			productType = "com.apple.product-type.bundle.unit-test";
		};
/* End PBXNativeTarget section */

/* Begin PBXProject section */
		EBD6F76419666DB40062E798 /* Project object */ = {
			isa = PBXProject;
			attributes = {
				CLASSPREFIX = BS;
				LastUpgradeCheck = 0510;
				ORGANIZATIONNAME = Baraansoft;
				TargetAttributes = {
					EBD6F78C19666DB40062E798 = {
						TestTargetID = EBD6F76B19666DB40062E798;
					};
				};
			};
			buildConfigurationList = EBD6F76719666DB40062E798 /* Build configuration list for PBXProject "myTableView" */;
			compatibilityVersion = "Xcode 3.2";
			developmentRegion = English;
			hasScannedForEncodings = 0;
			knownRegions = (
				en,
				Base,
			);
			mainGroup = EBD6F76319666DB40062E798;
			productRefGroup = EBD6F76D19666DB40062E798 /* Products */;
			projectDirPath = "";
			projectRoot = "";
			targets = (
				EBD6F76B19666DB40062E798 /* myTableView */,
				EBD6F78C19666DB40062E798 /* myTableViewTests */,
			);
		};
/* End PBXProject section */

/* Begin PBXResourcesBuildPhase section */
		EBD6F76A19666DB40062E798 /* Resources */ = {
			isa = PBXResourcesBuildPhase;
			buildActionMask = 2147483647;
			files = (
				EBD6F78819666DB40062E798 /* Images.xcassets in Resources */,
				EBD6F77A19666DB40062E798 /* InfoPlist.strings in Resources */,
				EBD6F78319666DB40062E798 /* Main.storyboard in Resources */,
			);
			runOnlyForDeploymentPostprocessing = 0;
		};
		EBD6F78B19666DB40062E798 /* Resources */ = {
			isa = PBXResourcesBuildPhase;
			buildActionMask = 2147483647;
			files = (
				EBD6F79919666DB40062E798 /* InfoPlist.strings in Resources */,
			);
			runOnlyForDeploymentPostprocessing = 0;
		};
/* End PBXResourcesBuildPhase section */

/* Begin PBXSourcesBuildPhase section */
		EBD6F76819666DB40062E798 /* Sources */ = {
			isa = PBXSourcesBuildPhase;
			buildActionMask = 2147483647;
			files = (
				EBD6F78619666DB40062E798 /* BSViewController.m in Sources */,
				EBD6F77C19666DB40062E798 /* main.m in Sources */,
				EBD6F78019666DB40062E798 /* BSAppDelegate.m in Sources */,
			);
			runOnlyForDeploymentPostprocessing = 0;
		};
		EBD6F78919666DB40062E798 /* Sources */ = {
			isa = PBXSourcesBuildPhase;
			buildActionMask = 2147483647;
			files = (
				EBD6F79B19666DB40062E798 /* myTableViewTests.m in Sources */,
			);
			runOnlyForDeploymentPostprocessing = 0;
		};
/* End PBXSourcesBuildPhase section */

/* Begin PBXTargetDependency section */
		EBD6F79319666DB40062E798 /* PBXTargetDependency */ = {
			isa = PBXTargetDependency;
			target = EBD6F76B19666DB40062E798 /* myTableView */;
			targetProxy = EBD6F79219666DB40062E798 /* PBXContainerItemProxy */;
		};
/* End PBXTargetDependency section */

/* Begin PBXVariantGroup section */
		EBD6F77819666DB40062E798 /* InfoPlist.strings */ = {
			isa = PBXVariantGroup;
			children = (
				EBD6F77919666DB40062E798 /* en */,
			);
			name = InfoPlist.strings;
			sourceTree = "<group>";
		};
		EBD6F78119666DB40062E798 /* Main.storyboard */ = {
			isa = PBXVariantGroup;
			children = (
				EBD6F78219666DB40062E798 /* Base */,
			);
			name = Main.storyboard;
			sourceTree = "<group>";
		};
		EBD6F79719666DB40062E798 /* InfoPlist.strings */ = {
			isa = PBXVariantGroup;
			children = (
				EBD6F79819666DB40062E798 /* en */,
			);
			name = InfoPlist.strings;
			sourceTree = "<group>";
		};
/* End PBXVariantGroup section */

/* Begin XCBuildConfiguration section */
		EBD6F79C19666DB40062E798 /* Debug */ = {
			isa = XCBuildConfiguration;
			buildSettings = {
				ALWAYS_SEARCH_USER_PATHS = NO;
				CLANG_CXX_LANGUAGE_STANDARD = "gnu++0x";
				CLANG_CXX_LIBRARY = "libc++";
				CLANG_ENABLE_MODULES = YES;
				CLANG_ENABLE_OBJC_ARC = YES;
				CLANG_WARN_BOOL_CONVERSION = YES;
				CLANG_WARN_CONSTANT_CONVERSION = YES;
				CLANG_WARN_DIRECT_OBJC_ISA_USAGE = YES_ERROR;
				CLANG_WARN_EMPTY_BODY = YES;
				CLANG_WARN_ENUM_CONVERSION = YES;
				CLANG_WARN_INT_CONVERSION = YES;
				CLANG_WARN_OBJC_ROOT_CLASS = YES_ERROR;
				CLANG_WARN__DUPLICATE_METHOD_MATCH = YES;
				"CODE_SIGN_IDENTITY[sdk=iphoneos*]" = "iPhone Developer";
				COPY_PHASE_STRIP = NO;
				GCC_C_LANGUAGE_STANDARD = gnu99;
				GCC_DYNAMIC_NO_PIC = NO;
				GCC_OPTIMIZATION_LEVEL = 0;
				GCC_PREPROCESSOR_DEFINITIONS = (
					"DEBUG=1",
					"$(inherited)",
				);
				GCC_SYMBOLS_PRIVATE_EXTERN = NO;
				GCC_WARN_64_TO_32_BIT_CONVERSION = YES;
				GCC_WARN_ABOUT_RETURN_TYPE = YES_ERROR;
				GCC_WARN_UNDECLARED_SELECTOR = YES;
				GCC_WARN_UNINITIALIZED_AUTOS = YES_AGGRESSIVE;
				GCC_WARN_UNUSED_FUNCTION = YES;
				GCC_WARN_UNUSED_VARIABLE = YES;
				IPHONEOS_DEPLOYMENT_TARGET = 7.1;
				ONLY_ACTIVE_ARCH = YES;
				SDKROOT = iphoneos;
			};
			name = Debug;
		};
		EBD6F79D19666DB40062E798 /* Release */ = {
			isa = XCBuildConfiguration;
			buildSettings = {
				ALWAYS_SEARCH_USER_PATHS = NO;
				CLANG_CXX_LANGUAGE_STANDARD = "gnu++0x";
				CLANG_CXX_LIBRARY = "libc++";
				CLANG_ENABLE_MODULES = YES;
				CLANG_ENABLE_OBJC_ARC = YES;
				CLANG_WARN_BOOL_CONVERSION = YES;
				CLANG_WARN_CONSTANT_CONVERSION = YES;
				CLANG_WARN_DIRECT_OBJC_ISA_USAGE = YES_ERROR;
				CLANG_WARN_EMPTY_BODY = YES;
				CLANG_WARN_ENUM_CONVERSION = YES;
				CLANG_WARN_INT_CONVERSION = YES;
				CLANG_WARN_OBJC_ROOT_CLASS = YES_ERROR;
				CLANG_WARN__DUPLICATE_METHOD_MATCH = YES;
				"CODE_SIGN_IDENTITY[sdk=iphoneos*]" = "iPhone Developer";
				COPY_PHASE_STRIP = YES;
				ENABLE_NS_ASSERTIONS = NO;
				GCC_C_LANGUAGE_STANDARD = gnu99;
				GCC_WARN_64_TO_32_BIT_CONVERSION = YES;
				GCC_WARN_ABOUT_RETURN_TYPE = YES_ERROR;
				GCC_WARN_UNDECLARED_SELECTOR = YES;
				GCC_WARN_UNINITIALIZED_AUTOS = YES_AGGRESSIVE;
				GCC_WARN_UNUSED_FUNCTION = YES;
				GCC_WARN_UNUSED_VARIABLE = YES;
				IPHONEOS_DEPLOYMENT_TARGET = 7.1;
				SDKROOT = iphoneos;
				VALIDATE_PRODUCT = YES;
			};
			name = Release;
		};
		EBD6F79F19666DB40062E798 /* Debug */ = {
			isa = XCBuildConfiguration;
			buildSettings = {
				ASSETCATALOG_COMPILER_APPICON_NAME = AppIcon;
				ASSETCATALOG_COMPILER_LAUNCHIMAGE_NAME = LaunchImage;
				GCC_PRECOMPILE_PREFIX_HEADER = YES;
				GCC_PREFIX_HEADER = "myTableView/myTableView-Prefix.pch";
				INFOPLIST_FILE = "myTableView/myTableView-Info.plist";
				PRODUCT_NAME = "$(TARGET_NAME)";
				WRAPPER_EXTENSION = app;
			};
			name = Debug;
		};
		EBD6F7A019666DB40062E798 /* Release */ = {
			isa = XCBuildConfiguration;
			buildSettings = {
				ASSETCATALOG_COMPILER_APPICON_NAME = AppIcon;
				ASSETCATALOG_COMPILER_LAUNCHIMAGE_NAME = LaunchImage;
				GCC_PRECOMPILE_PREFIX_HEADER = YES;
				GCC_PREFIX_HEADER = "myTableView/myTableView-Prefix.pch";
				INFOPLIST_FILE = "myTableView/myTableView-Info.plist";
				PRODUCT_NAME = "$(TARGET_NAME)";
				WRAPPER_EXTENSION = app;
			};
			name = Release;
		};
		EBD6F7A219666DB40062E798 /* Debug */ = {
			isa = XCBuildConfiguration;
			buildSettings = {
				BUNDLE_LOADER = "$(BUILT_PRODUCTS_DIR)/myTableView.app/myTableView";
				FRAMEWORK_SEARCH_PATHS = (
					"$(SDKROOT)/Developer/Library/Frameworks",
					"$(inherited)",
					"$(DEVELOPER_FRAMEWORKS_DIR)",
				);
				GCC_PRECOMPILE_PREFIX_HEADER = YES;
				GCC_PREFIX_HEADER = "myTableView/myTableView-Prefix.pch";
				GCC_PREPROCESSOR_DEFINITIONS = (
					"DEBUG=1",
					"$(inherited)",
				);
				INFOPLIST_FILE = "myTableViewTests/myTableViewTests-Info.plist";
				PRODUCT_NAME = "$(TARGET_NAME)";
				TEST_HOST = "$(BUNDLE_LOADER)";
				WRAPPER_EXTENSION = xctest;
			};
			name = Debug;
		};
		EBD6F7A319666DB40062E798 /* Release */ = {
			isa = XCBuildConfiguration;
			buildSettings = {
				BUNDLE_LOADER = "$(BUILT_PRODUCTS_DIR)/myTableView.app/myTableView";
				FRAMEWORK_SEARCH_PATHS = (
					"$(SDKROOT)/Developer/Library/Frameworks",
					"$(inherited)",
					"$(DEVELOPER_FRAMEWORKS_DIR)",
				);
				GCC_PRECOMPILE_PREFIX_HEADER = YES;
				GCC_PREFIX_HEADER = "myTableView/myTableView-Prefix.pch";
				INFOPLIST_FILE = "myTableViewTests/myTableViewTests-Info.plist";
				PRODUCT_NAME = "$(TARGET_NAME)";
				TEST_HOST = "$(BUNDLE_LOADER)";
				WRAPPER_EXTENSION = xctest;
			};
			name = Release;
		};
/* End XCBuildConfiguration section */

/* Begin XCConfigurationList section */
		EBD6F76719666DB40062E798 /* Build configuration list for PBXProject "myTableView" */ = {
			isa = XCConfigurationList;
			buildConfigurations = (
				EBD6F79C19666DB40062E798 /* Debug */,
				EBD6F79D19666DB40062E798 /* Release */,
			);
			defaultConfigurationIsVisible = 0;
			defaultConfigurationName = Release;
		};
		EBD6F79E19666DB40062E798 /* Build configuration list for PBXNativeTarget "myTableView" */ = {
			isa = XCConfigurationList;
			buildConfigurations = (
				EBD6F79F19666DB40062E798 /* Debug */,
				EBD6F7A019666DB40062E798 /* Release */,
			);
			defaultConfigurationIsVisible = 0;
		};
		EBD6F7A119666DB40062E798 /* Build configuration list for PBXNativeTarget "myTableViewTests" */ = {
			isa = XCConfigurationList;
			buildConfigurations = (
				EBD6F7A219666DB40062E798 /* Debug */,
				EBD6F7A319666DB40062E798 /* Release */,
			);
			defaultConfigurationIsVisible = 0;
		};
/* End XCConfigurationList section */
	};
	rootObject = EBD6F76419666DB40062E798 /* Project object */;
}
